{
  "name": "script",
  "version": "1.0.0",
  "lockfileVersion": 1,
  "dependencies": {
    "@types/jquery": {
      "version": "3.2.6",
      "resolved": "https://registry.npmjs.org/@types/jquery/-/jquery-3.2.6.tgz",
      "integrity": "sha512-uF/ymNUqAFoiC4NpsuXrBwy4l7yoH/0V/BXpL9yi17HfyDlqei+pL1JxyQr84yCzFAjxoLcUciPMe5DyqwRVJA=="
    }
  }
}
